// !$*UTF8*$!
{
	archiveVersion = 1;
	classes = {
	};
	objectVersion = 46;
	objects = {

/* Begin PBXBuildFile section */
		8DD76FAC0486AB0100D96B5E /* main.c in Sources */ = {isa = PBXBuildFile; fileRef = 08FB7796FE84155DC02AAC07 /* main.c */; settings = {ATTRIBUTES = (); }; };
		8DD76FB00486AB0100D96B5E /* SeqAlign.1 in CopyFiles */ = {isa = PBXBuildFile; fileRef = C6A0FF2C0290799A04C91782 /* SeqAlign.1 */; };
		E8A733C010A8A1CA00C23E49 /* Utils.c in Sources */ = {isa = PBXBuildFile; fileRef = E8A733BF10A8A1CA00C23E49 /* Utils.c */; };
		E8C674AC10A9FB8800B400D3 /* Tree.c in Sources */ = {isa = PBXBuildFile; fileRef = E8C674A410A9FB8800B400D3 /* Tree.c */; };
		E8C674AD10A9FB8800B400D3 /* Cell.c in Sources */ = {isa = PBXBuildFile; fileRef = E8C674A810A9FB8800B400D3 /* Cell.c */; };
		E8C674AE10A9FB8800B400D3 /* Matrix.c in Sources */ = {isa = PBXBuildFile; fileRef = E8C674AA10A9FB8800B400D3 /* Matrix.c */; };
		E8C674B210A9FBA000B400D3 /* Sequence.c in Sources */ = {isa = PBXBuildFile; fileRef = E8C674B010A9FBA000B400D3 /* Sequence.c */; };
/* End PBXBuildFile section */

/* Begin PBXCopyFilesBuildPhase section */
		8DD76FAF0486AB0100D96B5E /* CopyFiles */ = {
			isa = PBXCopyFilesBuildPhase;
			buildActionMask = 8;
			dstPath = /usr/share/man/man1/;
			dstSubfolderSpec = 0;
			files = (
				8DD76FB00486AB0100D96B5E /* SeqAlign.1 in CopyFiles */,
			);
			runOnlyForDeploymentPostprocessing = 1;
		};
/* End PBXCopyFilesBuildPhase section */

/* Begin PBXFileReference section */
		08FB7796FE84155DC02AAC07 /* main.c */ = {isa = PBXFileReference; fileEncoding = 4; lastKnownFileType = sourcecode.c.c; path = main.c; sourceTree = "<group>"; };
		8DD76FB20486AB0100D96B5E /* SeqAlign */ = {isa = PBXFileReference; explicitFileType = "compiled.mach-o.executable"; includeInIndex = 0; path = SeqAlign; sourceTree = BUILT_PRODUCTS_DIR; };
		C6A0FF2C0290799A04C91782 /* SeqAlign.1 */ = {isa = PBXFileReference; lastKnownFileType = text.man; path = SeqAlign.1; sourceTree = "<group>"; };
		E8A733BE10A8A1CA00C23E49 /* Utils.h */ = {isa = PBXFileReference; fileEncoding = 4; lastKnownFileType = sourcecode.c.h; path = Utils.h; sourceTree = "<group>"; };
		E8A733BF10A8A1CA00C23E49 /* Utils.c */ = {isa = PBXFileReference; fileEncoding = 4; lastKnownFileType = sourcecode.c.c; path = Utils.c; sourceTree = "<group>"; };
		E8C674A410A9FB8800B400D3 /* Tree.c */ = {isa = PBXFileReference; fileEncoding = 4; lastKnownFileType = sourcecode.c.c; path = Tree.c; sourceTree = "<group>"; };
		E8C674A510A9FB8800B400D3 /* Tree.h */ = {isa = PBXFileReference; fileEncoding = 4; lastKnownFileType = sourcecode.c.h; path = Tree.h; sourceTree = "<group>"; };
		E8C674A810A9FB8800B400D3 /* Cell.c */ = {isa = PBXFileReference; fileEncoding = 4; lastKnownFileType = sourcecode.c.c; path = Cell.c; sourceTree = "<group>"; };
		E8C674A910A9FB8800B400D3 /* Cell.h */ = {isa = PBXFileReference; fileEncoding = 4; lastKnownFileType = sourcecode.c.h; path = Cell.h; sourceTree = "<group>"; };
		E8C674AA10A9FB8800B400D3 /* Matrix.c */ = {isa = PBXFileReference; fileEncoding = 4; lastKnownFileType = sourcecode.c.c; path = Matrix.c; sourceTree = "<group>"; };
		E8C674AB10A9FB8800B400D3 /* Matrix.h */ = {isa = PBXFileReference; fileEncoding = 4; lastKnownFileType = sourcecode.c.h; path = Matrix.h; sourceTree = "<group>"; };
		E8C674B010A9FBA000B400D3 /* Sequence.c */ = {isa = PBXFileReference; fileEncoding = 4; lastKnownFileType = sourcecode.c.c; path = Sequence.c; sourceTree = "<group>"; };
		E8C674B110A9FBA000B400D3 /* Sequence.h */ = {isa = PBXFileReference; fileEncoding = 4; lastKnownFileType = sourcecode.c.h; path = Sequence.h; sourceTree = "<group>"; };
/* End PBXFileReference section */

/* Begin PBXFrameworksBuildPhase section */
		8DD76FAD0486AB0100D96B5E /* Frameworks */ = {
			isa = PBXFrameworksBuildPhase;
			buildActionMask = 2147483647;
			files = (
			);
			runOnlyForDeploymentPostprocessing = 0;
		};
/* End PBXFrameworksBuildPhase section */

/* Begin PBXGroup section */
		08FB7794FE84155DC02AAC07 /* SeqAlign */ = {
			isa = PBXGroup;
			children = (
				08FB7795FE84155DC02AAC07 /* Source */,
				C6A0FF2B0290797F04C91782 /* Documentation */,
				1AB674ADFE9D54B511CA2CBB /* Products */,
			);
			name = SeqAlign;
			sourceTree = "<group>";
		};
		08FB7795FE84155DC02AAC07 /* Source */ = {
			isa = PBXGroup;
			children = (
				E8C674AF10A9FBA000B400D3 /* Sequence */,
				E8C674A110A9FB8800B400D3 /* Alignments */,
				E8337AD5109DFE1B00682D54 /* Data */,
				08FB7796FE84155DC02AAC07 /* main.c */,
				E8A733BE10A8A1CA00C23E49 /* Utils.h */,
				E8A733BF10A8A1CA00C23E49 /* Utils.c */,
			);
			name = Source;
			sourceTree = "<group>";
		};
		1AB674ADFE9D54B511CA2CBB /* Products */ = {
			isa = PBXGroup;
			children = (
				8DD76FB20486AB0100D96B5E /* SeqAlign */,
			);
			name = Products;
			sourceTree = "<group>";
		};
		C6A0FF2B0290797F04C91782 /* Documentation */ = {
			isa = PBXGroup;
			children = (
				C6A0FF2C0290799A04C91782 /* SeqAlign.1 */,
			);
			name = Documentation;
			sourceTree = "<group>";
		};
		E8337AD5109DFE1B00682D54 /* Data */ = {
			isa = PBXGroup;
			children = (
				E89D8A6410A4EBC000F63CC5 /* SimilarityMatrices */,
				E8337AD7109DFE2800682D54 /* CodonTable */,
			);
			name = Data;
			sourceTree = "<group>";
		};
		E8337AD7109DFE2800682D54 /* CodonTable */ = {
			isa = PBXGroup;
			children = (
			);
			name = CodonTable;
			sourceTree = "<group>";
		};
		E89D8A6410A4EBC000F63CC5 /* SimilarityMatrices */ = {
			isa = PBXGroup;
			children = (
			);
			name = SimilarityMatrices;
			sourceTree = "<group>";
		};
		E8C674A110A9FB8800B400D3 /* Alignments */ = {
			isa = PBXGroup;
			children = (
				E8C674A210A9FB8800B400D3 /* Mapping */,
				E8C674A610A9FB8800B400D3 /* Pairwise */,
			);
			path = Alignments;
			sourceTree = "<group>";
		};
		E8C674A210A9FB8800B400D3 /* Mapping */ = {
			isa = PBXGroup;
			children = (
				E8C674A310A9FB8800B400D3 /* Structures */,
			);
			path = Mapping;
			sourceTree = "<group>";
		};
		E8C674A310A9FB8800B400D3 /* Structures */ = {
			isa = PBXGroup;
			children = (
				E8C674A410A9FB8800B400D3 /* Tree.c */,
				E8C674A510A9FB8800B400D3 /* Tree.h */,
			);
			path = Structures;
			sourceTree = "<group>";
		};
		E8C674A610A9FB8800B400D3 /* Pairwise */ = {
			isa = PBXGroup;
			children = (
				E8C674A710A9FB8800B400D3 /* Structures */,
			);
			path = Pairwise;
			sourceTree = "<group>";
		};
		E8C674A710A9FB8800B400D3 /* Structures */ = {
			isa = PBXGroup;
			children = (
				E8C674A810A9FB8800B400D3 /* Cell.c */,
				E8C674A910A9FB8800B400D3 /* Cell.h */,
				E8C674AA10A9FB8800B400D3 /* Matrix.c */,
				E8C674AB10A9FB8800B400D3 /* Matrix.h */,
			);
			path = Structures;
			sourceTree = "<group>";
		};
		E8C674AF10A9FBA000B400D3 /* Sequence */ = {
			isa = PBXGroup;
			children = (
				E8C674B010A9FBA000B400D3 /* Sequence.c */,
				E8C674B110A9FBA000B400D3 /* Sequence.h */,
			);
			path = Sequence;
			sourceTree = "<group>";
		};
/* End PBXGroup section */

/* Begin PBXNativeTarget section */
		8DD76FA90486AB0100D96B5E /* SeqAlign */ = {
			isa = PBXNativeTarget;
			buildConfigurationList = 1DEB928508733DD80010E9CD /* Build configuration list for PBXNativeTarget "SeqAlign" */;
			buildPhases = (
				8DD76FAB0486AB0100D96B5E /* Sources */,
				8DD76FAD0486AB0100D96B5E /* Frameworks */,
				8DD76FAF0486AB0100D96B5E /* CopyFiles */,
			);
			buildRules = (
			);
			dependencies = (
			);
			name = SeqAlign;
			productInstallPath = "$(HOME)/bin";
			productName = SeqAlign;
			productReference = 8DD76FB20486AB0100D96B5E /* SeqAlign */;
			productType = "com.apple.product-type.tool";
		};
/* End PBXNativeTarget section */

/* Begin PBXProject section */
		08FB7793FE84155DC02AAC07 /* Project object */ = {
			isa = PBXProject;
			buildConfigurationList = 1DEB928908733DD80010E9CD /* Build configuration list for PBXProject "SeqAlign" */;
			compatibilityVersion = "Xcode 3.2";
			hasScannedForEncodings = 1;
			mainGroup = 08FB7794FE84155DC02AAC07 /* SeqAlign */;
			projectDirPath = "";
			projectRoot = "";
			targets = (
				8DD76FA90486AB0100D96B5E /* SeqAlign */,
			);
		};
/* End PBXProject section */

/* Begin PBXSourcesBuildPhase section */
		8DD76FAB0486AB0100D96B5E /* Sources */ = {
			isa = PBXSourcesBuildPhase;
			buildActionMask = 2147483647;
			files = (
				8DD76FAC0486AB0100D96B5E /* main.c in Sources */,
				E8A733C010A8A1CA00C23E49 /* Utils.c in Sources */,
				E8C674AC10A9FB8800B400D3 /* Tree.c in Sources */,
				E8C674AD10A9FB8800B400D3 /* Cell.c in Sources */,
				E8C674AE10A9FB8800B400D3 /* Matrix.c in Sources */,
				E8C674B210A9FBA000B400D3 /* Sequence.c in Sources */,
			);
			runOnlyForDeploymentPostprocessing = 0;
		};
/* End PBXSourcesBuildPhase section */

/* Begin XCBuildConfiguration section */
		1DEB928608733DD80010E9CD /* Debug */ = {
			isa = XCBuildConfiguration;
			buildSettings = {
				ALWAYS_SEARCH_USER_PATHS = NO;
				COPY_PHASE_STRIP = NO;
				GCC_DYNAMIC_NO_PIC = NO;
				GCC_ENABLE_FIX_AND_CONTINUE = YES;
				GCC_MODEL_TUNING = G5;
				GCC_OPTIMIZATION_LEVEL = 0;
				INSTALL_PATH = /usr/local/bin;
				PRODUCT_NAME = SeqAlign;
			};
			name = Debug;
		};
		1DEB928708733DD80010E9CD /* Release */ = {
			isa = XCBuildConfiguration;
			buildSettings = {
				ALWAYS_SEARCH_USER_PATHS = NO;
				DEBUG_INFORMATION_FORMAT = "dwarf-with-dsym";
				GCC_MODEL_TUNING = G5;
				INSTALL_PATH = /usr/local/bin;
				PRODUCT_NAME = SeqAlign;
			};
			name = Release;
		};
		1DEB928A08733DD80010E9CD /* Debug */ = {
			isa = XCBuildConfiguration;
			buildSettings = {
				ARCHS = "$(ARCHS_STANDARD_32_64_BIT)";
				GCC_C_LANGUAGE_STANDARD = gnu99;
				GCC_DEBUGGING_SYMBOLS = full;
				GCC_MODEL_PPC64 = NO;
				GCC_MODEL_TUNING = G5;
				GCC_OPTIMIZATION_LEVEL = 0;
				GCC_WARN_ABOUT_RETURN_TYPE = YES;
				GCC_WARN_UNUSED_VARIABLE = YES;
				ONLY_ACTIVE_ARCH = YES;
				PREBINDING = NO;
				SDKROOT = macosx10.6;
			};
			name = Debug;
		};
		1DEB928B08733DD80010E9CD /* Release */ = {
			isa = XCBuildConfiguration;
			buildSettings = {
				ARCHS = "$(ARCHS_STANDARD_64_BIT)";
				DEPLOYMENT_POSTPROCESSING = NO;
				GCC_AUTO_VECTORIZATION = NO;
				GCC_C_LANGUAGE_STANDARD = gnu99;
				GCC_DYNAMIC_NO_PIC = YES;
				GCC_ENABLE_CPP_EXCEPTIONS = NO;
				GCC_ENABLE_CPP_RTTI = NO;
				GCC_ENABLE_OBJC_EXCEPTIONS = NO;
				GCC_ENABLE_PASCAL_STRINGS = NO;
				GCC_ENABLE_SSE3_EXTENSIONS = NO;
				GCC_ENABLE_SSE41_EXTENSIONS = NO;
				GCC_ENABLE_SSE42_EXTENSIONS = NO;
				GCC_ENABLE_SUPPLEMENTAL_SSE3_INSTRUCTIONS = YES;
				GCC_FAST_OBJC_DISPATCH = NO;
				GCC_GENERATE_DEBUGGING_SYMBOLS = NO;
				GCC_MODEL_PPC64 = YES;
				GCC_MODEL_TUNING = G5;
				GCC_OPTIMIZATION_LEVEL = 3;
				GCC_STRICT_ALIASING = YES;
				GCC_UNROLL_LOOPS = YES;
				GCC_WARN_ABOUT_RETURN_TYPE = YES;
				GCC_WARN_UNUSED_VARIABLE = YES;
				ONLY_ACTIVE_ARCH = YES;
				PREBINDING = YES;
				RUN_CLANG_STATIC_ANALYZER = NO;
				SDKROOT = macosx10.6;
				VERSIONING_SYSTEM = "";
			};
			name = Release;
		};
/* End XCBuildConfiguration section */

/* Begin XCConfigurationList section */
		1DEB928508733DD80010E9CD /* Build configuration list for PBXNativeTarget "SeqAlign" */ = {
			isa = XCConfigurationList;
			buildConfigurations = (
				1DEB928608733DD80010E9CD /* Debug */,
				1DEB928708733DD80010E9CD /* Release */,
			);
			defaultConfigurationIsVisible = 0;
			defaultConfigurationName = Release;
		};
		1DEB928908733DD80010E9CD /* Build configuration list for PBXProject "SeqAlign" */ = {
			isa = XCConfigurationList;
			buildConfigurations = (
				1DEB928A08733DD80010E9CD /* Debug */,
				1DEB928B08733DD80010E9CD /* Release */,
			);
			defaultConfigurationIsVisible = 0;
			defaultConfigurationName = Release;
		};
/* End XCConfigurationList section */
	};
	rootObject = 08FB7793FE84155DC02AAC07 /* Project object */;
}
